// !$*UTF8*$!
{
	archiveVersion = 1;
	classes = {
	};
	objectVersion = 48;
	objects = {

/* Begin PBXBuildFile section */
		8503ADFA2063399E007021B8 /* Main.storyboard in Resources */ = {isa = PBXBuildFile; fileRef = 8503ADF92063399E007021B8 /* Main.storyboard */; };
		C859E19D205839FA003627AA /* Strings.swift in Sources */ = {isa = PBXBuildFile; fileRef = C859E19C205839FA003627AA /* Strings.swift */; };
		C8713151205193DC005D05AE /* AppDelegate.swift in Sources */ = {isa = PBXBuildFile; fileRef = C8713150205193DC005D05AE /* AppDelegate.swift */; };
		C8713159205193DC005D05AE /* ThoughtProcess.xcdatamodeld in Sources */ = {isa = PBXBuildFile; fileRef = C8713157205193DC005D05AE /* ThoughtProcess.xcdatamodeld */; };
		C871315B205193DC005D05AE /* Assets.xcassets in Resources */ = {isa = PBXBuildFile; fileRef = C871315A205193DC005D05AE /* Assets.xcassets */; };
		C871315E205193DC005D05AE /* LaunchScreen.storyboard in Resources */ = {isa = PBXBuildFile; fileRef = C871315C205193DC005D05AE /* LaunchScreen.storyboard */; };
		C871316620519489005D05AE /* Home.storyboard in Resources */ = {isa = PBXBuildFile; fileRef = C871316520519489005D05AE /* Home.storyboard */; };
		C87131682051951F005D05AE /* ViewAndEdit.storyboard in Resources */ = {isa = PBXBuildFile; fileRef = C87131672051951F005D05AE /* ViewAndEdit.storyboard */; };
		C871316E20519DC4005D05AE /* ViewAndEditViewController.swift in Sources */ = {isa = PBXBuildFile; fileRef = C871316D20519DC4005D05AE /* ViewAndEditViewController.swift */; };
		C87131702051A95F005D05AE /* FlowMapView.swift in Sources */ = {isa = PBXBuildFile; fileRef = C871316F2051A95F005D05AE /* FlowMapView.swift */; };
		C8A75D312061570E00B9B837 /* DbContext.swift in Sources */ = {isa = PBXBuildFile; fileRef = C8A75D302061570E00B9B837 /* DbContext.swift */; };
		C8E07D26205980D30002D9B8 /* HomeViewController.swift in Sources */ = {isa = PBXBuildFile; fileRef = C8E07D25205980D30002D9B8 /* HomeViewController.swift */; };
		C8E07D2A205988B90002D9B8 /* HomePreviewCollectionViewCell.swift in Sources */ = {isa = PBXBuildFile; fileRef = C8E07D29205988B90002D9B8 /* HomePreviewCollectionViewCell.swift */; };
/* End PBXBuildFile section */

/* Begin PBXFileReference section */
		8503ADF92063399E007021B8 /* Main.storyboard */ = {isa = PBXFileReference; lastKnownFileType = file.storyboard; path = Main.storyboard; sourceTree = "<group>"; };
		C859E19C205839FA003627AA /* Strings.swift */ = {isa = PBXFileReference; lastKnownFileType = sourcecode.swift; path = Strings.swift; sourceTree = "<group>"; };
		C871314D205193DC005D05AE /* ThoughtProcess.app */ = {isa = PBXFileReference; explicitFileType = wrapper.application; includeInIndex = 0; path = ThoughtProcess.app; sourceTree = BUILT_PRODUCTS_DIR; };
		C8713150205193DC005D05AE /* AppDelegate.swift */ = {isa = PBXFileReference; lastKnownFileType = sourcecode.swift; path = AppDelegate.swift; sourceTree = "<group>"; };
		C8713158205193DC005D05AE /* ThoughtProcess.xcdatamodel */ = {isa = PBXFileReference; lastKnownFileType = wrapper.xcdatamodel; path = ThoughtProcess.xcdatamodel; sourceTree = "<group>"; };
		C871315A205193DC005D05AE /* Assets.xcassets */ = {isa = PBXFileReference; lastKnownFileType = folder.assetcatalog; path = Assets.xcassets; sourceTree = "<group>"; };
		C871315D205193DC005D05AE /* Base */ = {isa = PBXFileReference; lastKnownFileType = file.storyboard; name = Base; path = Base.lproj/LaunchScreen.storyboard; sourceTree = "<group>"; };
		C871315F205193DC005D05AE /* Info.plist */ = {isa = PBXFileReference; lastKnownFileType = text.plist.xml; path = Info.plist; sourceTree = "<group>"; };
		C871316520519489005D05AE /* Home.storyboard */ = {isa = PBXFileReference; lastKnownFileType = file.storyboard; path = Home.storyboard; sourceTree = "<group>"; };
		C87131672051951F005D05AE /* ViewAndEdit.storyboard */ = {isa = PBXFileReference; lastKnownFileType = file.storyboard; path = ViewAndEdit.storyboard; sourceTree = "<group>"; };
		C871316D20519DC4005D05AE /* ViewAndEditViewController.swift */ = {isa = PBXFileReference; lastKnownFileType = sourcecode.swift; path = ViewAndEditViewController.swift; sourceTree = "<group>"; };
		C871316F2051A95F005D05AE /* FlowMapView.swift */ = {isa = PBXFileReference; lastKnownFileType = sourcecode.swift; path = FlowMapView.swift; sourceTree = "<group>"; };
		C8A75D302061570E00B9B837 /* DbContext.swift */ = {isa = PBXFileReference; lastKnownFileType = sourcecode.swift; path = DbContext.swift; sourceTree = "<group>"; };
		C8E07D25205980D30002D9B8 /* HomeViewController.swift */ = {isa = PBXFileReference; lastKnownFileType = sourcecode.swift; path = HomeViewController.swift; sourceTree = "<group>"; };
		C8E07D29205988B90002D9B8 /* HomePreviewCollectionViewCell.swift */ = {isa = PBXFileReference; lastKnownFileType = sourcecode.swift; path = HomePreviewCollectionViewCell.swift; sourceTree = "<group>"; };
/* End PBXFileReference section */

/* Begin PBXFrameworksBuildPhase section */
		C871314A205193DC005D05AE /* Frameworks */ = {
			isa = PBXFrameworksBuildPhase;
			buildActionMask = 2147483647;
			files = (
			);
			runOnlyForDeploymentPostprocessing = 0;
		};
/* End PBXFrameworksBuildPhase section */

/* Begin PBXGroup section */
		C8713144205193DC005D05AE = {
			isa = PBXGroup;
			children = (
				C871314F205193DC005D05AE /* ThoughtProcess */,
				C871314E205193DC005D05AE /* Products */,
			);
			sourceTree = "<group>";
		};
		C871314E205193DC005D05AE /* Products */ = {
			isa = PBXGroup;
			children = (
				C871314D205193DC005D05AE /* ThoughtProcess.app */,
			);
			name = Products;
			sourceTree = "<group>";
		};
		C871314F205193DC005D05AE /* ThoughtProcess */ = {
			isa = PBXGroup;
			children = (
				C8713150205193DC005D05AE /* AppDelegate.swift */,
				8503ADF92063399E007021B8 /* Main.storyboard */,
				C871316520519489005D05AE /* Home.storyboard */,
				C8E07D25205980D30002D9B8 /* HomeViewController.swift */,
				C8E07D29205988B90002D9B8 /* HomePreviewCollectionViewCell.swift */,
				C87131672051951F005D05AE /* ViewAndEdit.storyboard */,
				C871316D20519DC4005D05AE /* ViewAndEditViewController.swift */,
				C871316F2051A95F005D05AE /* FlowMapView.swift */,
				C871315C205193DC005D05AE /* LaunchScreen.storyboard */,
				C8713157205193DC005D05AE /* ThoughtProcess.xcdatamodeld */,
				C8A75D302061570E00B9B837 /* DbContext.swift */,
				C871315F205193DC005D05AE /* Info.plist */,
				C871315A205193DC005D05AE /* Assets.xcassets */,
				C859E19C205839FA003627AA /* Strings.swift */,
			);
			path = ThoughtProcess;
			sourceTree = "<group>";
		};
/* End PBXGroup section */

/* Begin PBXNativeTarget section */
		C871314C205193DC005D05AE /* ThoughtProcess */ = {
			isa = PBXNativeTarget;
			buildConfigurationList = C8713162205193DC005D05AE /* Build configuration list for PBXNativeTarget "ThoughtProcess" */;
			buildPhases = (
				C8713149205193DC005D05AE /* Sources */,
				C871314A205193DC005D05AE /* Frameworks */,
				C871314B205193DC005D05AE /* Resources */,
			);
			buildRules = (
			);
			dependencies = (
			);
			name = ThoughtProcess;
			productName = ThoughtProcess;
			productReference = C871314D205193DC005D05AE /* ThoughtProcess.app */;
			productType = "com.apple.product-type.application";
		};
/* End PBXNativeTarget section */

/* Begin PBXProject section */
		C8713145205193DC005D05AE /* Project object */ = {
			isa = PBXProject;
			attributes = {
				LastSwiftUpdateCheck = 0920;
				LastUpgradeCheck = 0920;
				ORGANIZATIONNAME = cs329e;
				TargetAttributes = {
					C871314C205193DC005D05AE = {
						CreatedOnToolsVersion = 9.2;
						ProvisioningStyle = Automatic;
					};
				};
			};
			buildConfigurationList = C8713148205193DC005D05AE /* Build configuration list for PBXProject "ThoughtProcess" */;
			compatibilityVersion = "Xcode 8.0";
			developmentRegion = en;
			hasScannedForEncodings = 0;
			knownRegions = (
				en,
				Base,
			);
			mainGroup = C8713144205193DC005D05AE;
			productRefGroup = C871314E205193DC005D05AE /* Products */;
			projectDirPath = "";
			projectRoot = "";
			targets = (
				C871314C205193DC005D05AE /* ThoughtProcess */,
			);
		};
/* End PBXProject section */

/* Begin PBXResourcesBuildPhase section */
		C871314B205193DC005D05AE /* Resources */ = {
			isa = PBXResourcesBuildPhase;
			buildActionMask = 2147483647;
			files = (
				C871315E205193DC005D05AE /* LaunchScreen.storyboard in Resources */,
				8503ADFA2063399E007021B8 /* Main.storyboard in Resources */,
				C87131682051951F005D05AE /* ViewAndEdit.storyboard in Resources */,
				C871315B205193DC005D05AE /* Assets.xcassets in Resources */,
				C871316620519489005D05AE /* Home.storyboard in Resources */,
			);
			runOnlyForDeploymentPostprocessing = 0;
		};
/* End PBXResourcesBuildPhase section */

/* Begin PBXSourcesBuildPhase section */
		C8713149205193DC005D05AE /* Sources */ = {
			isa = PBXSourcesBuildPhase;
			buildActionMask = 2147483647;
			files = (
				C8E07D2A205988B90002D9B8 /* HomePreviewCollectionViewCell.swift in Sources */,
				C87131702051A95F005D05AE /* FlowMapView.swift in Sources */,
				C871316E20519DC4005D05AE /* ViewAndEditViewController.swift in Sources */,
				C8A75D312061570E00B9B837 /* DbContext.swift in Sources */,
				C859E19D205839FA003627AA /* Strings.swift in Sources */,
				C8713159205193DC005D05AE /* ThoughtProcess.xcdatamodeld in Sources */,
				C8713151205193DC005D05AE /* AppDelegate.swift in Sources */,
				C8E07D26205980D30002D9B8 /* HomeViewController.swift in Sources */,
			);
			runOnlyForDeploymentPostprocessing = 0;
		};
/* End PBXSourcesBuildPhase section */

/* Begin PBXVariantGroup section */
		C871315C205193DC005D05AE /* LaunchScreen.storyboard */ = {
			isa = PBXVariantGroup;
			children = (
				C871315D205193DC005D05AE /* Base */,
			);
			name = LaunchScreen.storyboard;
			sourceTree = "<group>";
		};
/* End PBXVariantGroup section */

/* Begin XCBuildConfiguration section */
		C8713160205193DC005D05AE /* Debug */ = {
			isa = XCBuildConfiguration;
			buildSettings = {
				ALWAYS_SEARCH_USER_PATHS = NO;
				CLANG_ANALYZER_NONNULL = YES;
				CLANG_ANALYZER_NUMBER_OBJECT_CONVERSION = YES_AGGRESSIVE;
				CLANG_CXX_LANGUAGE_STANDARD = "gnu++14";
				CLANG_CXX_LIBRARY = "libc++";
				CLANG_ENABLE_MODULES = YES;
				CLANG_ENABLE_OBJC_ARC = YES;
				CLANG_WARN_BLOCK_CAPTURE_AUTORELEASING = YES;
				CLANG_WARN_BOOL_CONVERSION = YES;
				CLANG_WARN_COMMA = YES;
				CLANG_WARN_CONSTANT_CONVERSION = YES;
				CLANG_WARN_DIRECT_OBJC_ISA_USAGE = YES_ERROR;
				CLANG_WARN_DOCUMENTATION_COMMENTS = YES;
				CLANG_WARN_EMPTY_BODY = YES;
				CLANG_WARN_ENUM_CONVERSION = YES;
				CLANG_WARN_INFINITE_RECURSION = YES;
				CLANG_WARN_INT_CONVERSION = YES;
				CLANG_WARN_NON_LITERAL_NULL_CONVERSION = YES;
				CLANG_WARN_OBJC_LITERAL_CONVERSION = YES;
				CLANG_WARN_OBJC_ROOT_CLASS = YES_ERROR;
				CLANG_WARN_RANGE_LOOP_ANALYSIS = YES;
				CLANG_WARN_STRICT_PROTOTYPES = YES;
				CLANG_WARN_SUSPICIOUS_MOVE = YES;
				CLANG_WARN_UNGUARDED_AVAILABILITY = YES_AGGRESSIVE;
				CLANG_WARN_UNREACHABLE_CODE = YES;
				CLANG_WARN__DUPLICATE_METHOD_MATCH = YES;
				CODE_SIGN_IDENTITY = "iPhone Developer";
				COPY_PHASE_STRIP = NO;
				DEBUG_INFORMATION_FORMAT = dwarf;
				ENABLE_STRICT_OBJC_MSGSEND = YES;
				ENABLE_TESTABILITY = YES;
				GCC_C_LANGUAGE_STANDARD = gnu11;
				GCC_DYNAMIC_NO_PIC = NO;
				GCC_NO_COMMON_BLOCKS = YES;
				GCC_OPTIMIZATION_LEVEL = 0;
				GCC_PREPROCESSOR_DEFINITIONS = (
					"DEBUG=1",
					"$(inherited)",
				);
				GCC_WARN_64_TO_32_BIT_CONVERSION = YES;
				GCC_WARN_ABOUT_RETURN_TYPE = YES_ERROR;
				GCC_WARN_UNDECLARED_SELECTOR = YES;
				GCC_WARN_UNINITIALIZED_AUTOS = YES_AGGRESSIVE;
				GCC_WARN_UNUSED_FUNCTION = YES;
				GCC_WARN_UNUSED_VARIABLE = YES;
				IPHONEOS_DEPLOYMENT_TARGET = 11.2;
				MTL_ENABLE_DEBUG_INFO = YES;
				ONLY_ACTIVE_ARCH = YES;
				SDKROOT = iphoneos;
				SWIFT_ACTIVE_COMPILATION_CONDITIONS = DEBUG;
				SWIFT_OPTIMIZATION_LEVEL = "-Onone";
			};
			name = Debug;
		};
		C8713161205193DC005D05AE /* Release */ = {
			isa = XCBuildConfiguration;
			buildSettings = {
				ALWAYS_SEARCH_USER_PATHS = NO;
				CLANG_ANALYZER_NONNULL = YES;
				CLANG_ANALYZER_NUMBER_OBJECT_CONVERSION = YES_AGGRESSIVE;
				CLANG_CXX_LANGUAGE_STANDARD = "gnu++14";
				CLANG_CXX_LIBRARY = "libc++";
				CLANG_ENABLE_MODULES = YES;
				CLANG_ENABLE_OBJC_ARC = YES;
				CLANG_WARN_BLOCK_CAPTURE_AUTORELEASING = YES;
				CLANG_WARN_BOOL_CONVERSION = YES;
				CLANG_WARN_COMMA = YES;
				CLANG_WARN_CONSTANT_CONVERSION = YES;
				CLANG_WARN_DIRECT_OBJC_ISA_USAGE = YES_ERROR;
				CLANG_WARN_DOCUMENTATION_COMMENTS = YES;
				CLANG_WARN_EMPTY_BODY = YES;
				CLANG_WARN_ENUM_CONVERSION = YES;
				CLANG_WARN_INFINITE_RECURSION = YES;
				CLANG_WARN_INT_CONVERSION = YES;
				CLANG_WARN_NON_LITERAL_NULL_CONVERSION = YES;
				CLANG_WARN_OBJC_LITERAL_CONVERSION = YES;
				CLANG_WARN_OBJC_ROOT_CLASS = YES_ERROR;
				CLANG_WARN_RANGE_LOOP_ANALYSIS = YES;
				CLANG_WARN_STRICT_PROTOTYPES = YES;
				CLANG_WARN_SUSPICIOUS_MOVE = YES;
				CLANG_WARN_UNGUARDED_AVAILABILITY = YES_AGGRESSIVE;
				CLANG_WARN_UNREACHABLE_CODE = YES;
				CLANG_WARN__DUPLICATE_METHOD_MATCH = YES;
				CODE_SIGN_IDENTITY = "iPhone Developer";
				COPY_PHASE_STRIP = NO;
				DEBUG_INFORMATION_FORMAT = "dwarf-with-dsym";
				ENABLE_NS_ASSERTIONS = NO;
				ENABLE_STRICT_OBJC_MSGSEND = YES;
				GCC_C_LANGUAGE_STANDARD = gnu11;
				GCC_NO_COMMON_BLOCKS = YES;
				GCC_WARN_64_TO_32_BIT_CONVERSION = YES;
				GCC_WARN_ABOUT_RETURN_TYPE = YES_ERROR;
				GCC_WARN_UNDECLARED_SELECTOR = YES;
				GCC_WARN_UNINITIALIZED_AUTOS = YES_AGGRESSIVE;
				GCC_WARN_UNUSED_FUNCTION = YES;
				GCC_WARN_UNUSED_VARIABLE = YES;
				IPHONEOS_DEPLOYMENT_TARGET = 11.2;
				MTL_ENABLE_DEBUG_INFO = NO;
				SDKROOT = iphoneos;
				SWIFT_OPTIMIZATION_LEVEL = "-Owholemodule";
				VALIDATE_PRODUCT = YES;
			};
			name = Release;
		};
		C8713163205193DC005D05AE /* Debug */ = {
			isa = XCBuildConfiguration;
			buildSettings = {
				ASSETCATALOG_COMPILER_APPICON_NAME = AppIcon;
				CODE_SIGN_STYLE = Automatic;
				INFOPLIST_FILE = ThoughtProcess/Info.plist;
				LD_RUNPATH_SEARCH_PATHS = "$(inherited) @executable_path/Frameworks";
				PRODUCT_BUNDLE_IDENTIFIER = cs329e.ThoughtProcess;
				PRODUCT_NAME = "$(TARGET_NAME)";
				SWIFT_VERSION = 4.0;
				TARGETED_DEVICE_FAMILY = "1,2";
			};
			name = Debug;
		};
		C8713164205193DC005D05AE /* Release */ = {
			isa = XCBuildConfiguration;
			buildSettings = {
				ASSETCATALOG_COMPILER_APPICON_NAME = AppIcon;
				CODE_SIGN_STYLE = Automatic;
				INFOPLIST_FILE = ThoughtProcess/Info.plist;
				LD_RUNPATH_SEARCH_PATHS = "$(inherited) @executable_path/Frameworks";
				PRODUCT_BUNDLE_IDENTIFIER = cs329e.ThoughtProcess;
				PRODUCT_NAME = "$(TARGET_NAME)";
				SWIFT_VERSION = 4.0;
				TARGETED_DEVICE_FAMILY = "1,2";
			};
			name = Release;
		};
/* End XCBuildConfiguration section */

/* Begin XCConfigurationList section */
		C8713148205193DC005D05AE /* Build configuration list for PBXProject "ThoughtProcess" */ = {
			isa = XCConfigurationList;
			buildConfigurations = (
				C8713160205193DC005D05AE /* Debug */,
				C8713161205193DC005D05AE /* Release */,
			);
			defaultConfigurationIsVisible = 0;
			defaultConfigurationName = Release;
		};
		C8713162205193DC005D05AE /* Build configuration list for PBXNativeTarget "ThoughtProcess" */ = {
			isa = XCConfigurationList;
			buildConfigurations = (
				C8713163205193DC005D05AE /* Debug */,
				C8713164205193DC005D05AE /* Release */,
			);
			defaultConfigurationIsVisible = 0;
			defaultConfigurationName = Release;
		};
/* End XCConfigurationList section */

/* Begin XCVersionGroup section */
		C8713157205193DC005D05AE /* ThoughtProcess.xcdatamodeld */ = {
			isa = XCVersionGroup;
			children = (
				C8713158205193DC005D05AE /* ThoughtProcess.xcdatamodel */,
			);
			currentVersion = C8713158205193DC005D05AE /* ThoughtProcess.xcdatamodel */;
			path = ThoughtProcess.xcdatamodeld;
			sourceTree = "<group>";
			versionGroupType = wrapper.xcdatamodel;
		};
/* End XCVersionGroup section */
	};
	rootObject = C8713145205193DC005D05AE /* Project object */;
}
